
Microsoft Visual Studio Solution File, Format Version 12.00
# Visual Studio Version 17
VisualStudioVersion = 17.0.31903.59
MinimumVisualStudioVersion = 10.0.40219.1
Project("{9A19103F-16F7-4668-BE54-9A1E7A4F7556}") = "Blog", "Blog\Blog.csproj", "{80F74E8D-44B5-4C21-A884-0898F7B311AD}"
EndProject
Project("{FAE04EC0-301F-11D3-BF4B-00C04F79EFBC}") = "FluentBlog", "FluentBlog\FluentBlog.csproj", "{69AE989E-441E-4F6B-887E-3F75A223E403}"
EndProject
Global
	GlobalSection(SolutionConfigurationPlatforms) = preSolution
		Debug|Any CPU = Debug|Any CPU
		Release|Any CPU = Release|Any CPU
	EndGlobalSection
	GlobalSection(ProjectConfigurationPlatforms) = postSolution
		{80F74E8D-44B5-4C21-A884-0898F7B311AD}.Debug|Any CPU.ActiveCfg = Debug|Any CPU
		{80F74E8D-44B5-4C21-A884-0898F7B311AD}.Debug|Any CPU.Build.0 = Debug|Any CPU
		{80F74E8D-44B5-4C21-A884-0898F7B311AD}.Release|Any CPU.ActiveCfg = Release|Any CPU
		{80F74E8D-44B5-4C21-A884-0898F7B311AD}.Release|Any CPU.Build.0 = Release|Any CPU
		{69AE989E-441E-4F6B-887E-3F75A223E403}.Debug|Any CPU.ActiveCfg = Debug|Any CPU
		{69AE989E-441E-4F6B-887E-3F75A223E403}.Debug|Any CPU.Build.0 = Debug|Any CPU
		{69AE989E-441E-4F6B-887E-3F75A223E403}.Release|Any CPU.ActiveCfg = Release|Any CPU
		{69AE989E-441E-4F6B-887E-3F75A223E403}.Release|Any CPU.Build.0 = Release|Any CPU
	EndGlobalSection
	GlobalSection(SolutionProperties) = preSolution
		HideSolutionNode = FALSE
	EndGlobalSection
	GlobalSection(ExtensibilityGlobals) = postSolution
		SolutionGuid = {12CCD847-4060-4D3E-8C8F-F48E7DE712F0}
	EndGlobalSection
EndGlobal
